
Microsoft Visual Studio Solution File, Format Version 12.00
# Visual Studio Version 16
VisualStudioVersion = 16.0.30907.101
MinimumVisualStudioVersion = 10.0.40219.1
Project("{FAE04EC0-301F-11D3-BF4B-00C04F79EFBC}") = "AspNetCore.MVC.EFC", "AspNetCore.MVC.EFC.csproj", "{0E369639-D2B7-446D-AC50-BFA2443B28D8}"
EndProject
Global
	GlobalSection(SolutionConfigurationPlatforms) = preSolution
		Debug|Any CPU = Debug|Any CPU
		Release|Any CPU = Release|Any CPU
	EndGlobalSection
	GlobalSection(ProjectConfigurationPlatforms) = postSolution
		{0E369639-D2B7-446D-AC50-BFA2443B28D8}.Debug|Any CPU.ActiveCfg = Debug|Any CPU
		{0E369639-D2B7-446D-AC50-BFA2443B28D8}.Debug|Any CPU.Build.0 = Debug|Any CPU
		{0E369639-D2B7-446D-AC50-BFA2443B28D8}.Release|Any CPU.ActiveCfg = Release|Any CPU
		{0E369639-D2B7-446D-AC50-BFA2443B28D8}.Release|Any CPU.Build.0 = Release|Any CPU
	EndGlobalSection
	GlobalSection(SolutionProperties) = preSolution
		HideSolutionNode = FALSE
	EndGlobalSection
	GlobalSection(ExtensibilityGlobals) = postSolution
		SolutionGuid = {C722DE78-2410-477F-90BF-414BF1A89A12}
	EndGlobalSection
EndGlobal
